# THIS IS AN AUTOGENERATED FILE. DO NOT EDIT THIS FILE DIRECTLY.
# yarn lockfile v1


"@hookform/resolvers@^3.10.0":
  version "3.10.0"
  resolved "https://registry.yarnpkg.com/@hookform/resolvers/-/resolvers-3.10.0.tgz#7bfd18113daca4e57e27e1205b7d5a2d371aa59a"
  integrity sha512-79Dv+3mDF7i+2ajj7SkypSKHhl1cbln1OGavqrsF7p6mbUv11xpqpacPsGDCTRvCSjEEIez2ef1NveSVL3b0Ag==

react-hook-form@^7.54.2:
  version "7.54.2"
  resolved "https://registry.yarnpkg.com/react-hook-form/-/react-hook-form-7.54.2.tgz#8c26ed54c71628dff57ccd3c074b1dd377cfb211"
  integrity sha512-eHpAUgUjWbZocoQYUHposymRb4ZP6d0uwUnooL2uOybA9/3tPUvoAKqEWK1WaSiTxxOfTpffNZP7QwlnM3/gEg==

zod@^3.24.1:
  version "3.24.1"
  resolved "https://registry.yarnpkg.com/zod/-/zod-3.24.1.tgz#27445c912738c8ad1e9de1bea0359fa44d9d35ee"
  integrity sha512-muH7gBL9sI1nciMZV67X5fTKKBLtwpZ5VBp1vsOQzj1MhrBZ4wlVCm3gedKZWLp0Oyel8sIGfeiz54Su+OVT+A==
